
Microsoft Visual Studio Solution File, Format Version 12.00
# Visual Studio Version 17
VisualStudioVersion = 17.2.32630.192
MinimumVisualStudioVersion = 10.0.40219.1
Project("{9A19103F-16F7-4668-BE54-9A1E7A4F7556}") = "DriveV3Snippets", "DriveV3Snippets\DriveV3Snippets.csproj", "{CADC79A2-203D-43AB-8322-4CEA3C25946E}"
EndProject
Project("{9A19103F-16F7-4668-BE54-9A1E7A4F7556}") = "DriveV3SnippetsTest", "DriveV3SnippetsTest\DriveV3SnippetsTest.csproj", "{DBA71DCB-2607-40D8-852F-B269A7A672B6}"
EndProject
Project("{9A19103F-16F7-4668-BE54-9A1E7A4F7556}") = "DriveV3Example", "DriveV3Example\DriveV3Example.csproj", "{4D83B453-E97C-455A-8E9C-F3569E8B922C}"
EndProject
Global
	GlobalSection(SolutionConfigurationPlatforms) = preSolution
		Debug|Any CPU = Debug|Any CPU
		Release|Any CPU = Release|Any CPU
	EndGlobalSection
	GlobalSection(ProjectConfigurationPlatforms) = postSolution
		{CADC79A2-203D-43AB-8322-4CEA3C25946E}.Debug|Any CPU.ActiveCfg = Debug|Any CPU
		{CADC79A2-203D-43AB-8322-4CEA3C25946E}.Debug|Any CPU.Build.0 = Debug|Any CPU
		{CADC79A2-203D-43AB-8322-4CEA3C25946E}.Release|Any CPU.ActiveCfg = Release|Any CPU
		{CADC79A2-203D-43AB-8322-4CEA3C25946E}.Release|Any CPU.Build.0 = Release|Any CPU
		{DBA71DCB-2607-40D8-852F-B269A7A672B6}.Debug|Any CPU.ActiveCfg = Debug|Any CPU
		{DBA71DCB-2607-40D8-852F-B269A7A672B6}.Debug|Any CPU.Build.0 = Debug|Any CPU
		{DBA71DCB-2607-40D8-852F-B269A7A672B6}.Release|Any CPU.ActiveCfg = Release|Any CPU
		{DBA71DCB-2607-40D8-852F-B269A7A672B6}.Release|Any CPU.Build.0 = Release|Any CPU
		{4D83B453-E97C-455A-8E9C-F3569E8B922C}.Debug|Any CPU.ActiveCfg = Debug|Any CPU
		{4D83B453-E97C-455A-8E9C-F3569E8B922C}.Debug|Any CPU.Build.0 = Debug|Any CPU
		{4D83B453-E97C-455A-8E9C-F3569E8B922C}.Release|Any CPU.ActiveCfg = Release|Any CPU
		{4D83B453-E97C-455A-8E9C-F3569E8B922C}.Release|Any CPU.Build.0 = Release|Any CPU
	EndGlobalSection
	GlobalSection(SolutionProperties) = preSolution
		HideSolutionNode = FALSE
	EndGlobalSection
	GlobalSection(ExtensibilityGlobals) = postSolution
		SolutionGuid = {290E4D0A-DAB2-4BA8-8D40-BE40D7E6BAB7}
	EndGlobalSection
EndGlobal
